version: 1.0
shards:
  callback:
    github: mosop/callback
    version: 0.5.1

  cli:
    github: mosop/cli
    version: 0.5.2

  db:
    github: crystal-lang/crystal-db
    version: 0.4.2

  icr:
    github: TechMagister/crystal-icr
    commit: fea1ddd02c8becdced0cb1a049c62b42e7aaa63d

  micrate:
    github: juanedi/micrate
    version: 0.3.0

  mysql:
    github: crystal-lang/crystal-mysql
    version: 0.3.2

  optarg:
    github: mosop/optarg
    version: 0.4.4

  pg:
    github: will/crystal-pg
    version: 0.13.3

  sentry:
    github: TechMagister/sentry
    commit: a78129ec1e66aa24c91b93199ea187e4793c8d58

  shell-table:
    github: jwaldrip/shell-table.cr
    version: 0.9.1

  spinner:
    github: elorest/spinner
    version: 0.1.1

  sqlite3:
    github: crystal-lang/crystal-sqlite3
    version: 0.8.2

  string_inflection:
    github: mosop/string_inflection
    version: 0.2.0

  teeplate:
    github: mosop/teeplate
    version: 0.4.5

